
Microsoft Visual Studio Solution File, Format Version 12.00
# Visual Studio Version 17
VisualStudioVersion = 17.4.33213.308
MinimumVisualStudioVersion = 10.0.40219.1
Project("{FAE04EC0-301F-11D3-BF4B-00C04F79EFBC}") = "MVCDemo", "MVCDemo\MVCDemo.csproj", "{B8F16E58-BDDE-4BC1-AB23-17C0AF1AC5FA}"
EndProject
Global
	GlobalSection(SolutionConfigurationPlatforms) = preSolution
		Debug|Any CPU = Debug|Any CPU
		Release|Any CPU = Release|Any CPU
	EndGlobalSection
	GlobalSection(ProjectConfigurationPlatforms) = postSolution
		{B8F16E58-BDDE-4BC1-AB23-17C0AF1AC5FA}.Debug|Any CPU.ActiveCfg = Debug|Any CPU
		{B8F16E58-BDDE-4BC1-AB23-17C0AF1AC5FA}.Debug|Any CPU.Build.0 = Debug|Any CPU
		{B8F16E58-BDDE-4BC1-AB23-17C0AF1AC5FA}.Release|Any CPU.ActiveCfg = Release|Any CPU
		{B8F16E58-BDDE-4BC1-AB23-17C0AF1AC5FA}.Release|Any CPU.Build.0 = Release|Any CPU
	EndGlobalSection
	GlobalSection(SolutionProperties) = preSolution
		HideSolutionNode = FALSE
	EndGlobalSection
	GlobalSection(ExtensibilityGlobals) = postSolution
		SolutionGuid = {AEF6CE35-7D06-4AF8-89EF-E56760DE9CB4}
	EndGlobalSection
EndGlobal
